
Microsoft Visual Studio Solution File, Format Version 12.00
# Visual Studio Version 17
VisualStudioVersion = 17.0.32126.317
MinimumVisualStudioVersion = 10.0.40219.1
Project("{FAE04EC0-301F-11D3-BF4B-00C04F79EFBC}") = "Numero_De_Dias", "Numero_De_Dias\Numero_De_Dias.csproj", "{0BDA8102-6092-4993-A82E-CB8A8B8212FE}"
EndProject
Global
	GlobalSection(SolutionConfigurationPlatforms) = preSolution
		Debug|Any CPU = Debug|Any CPU
		Release|Any CPU = Release|Any CPU
	EndGlobalSection
	GlobalSection(ProjectConfigurationPlatforms) = postSolution
		{0BDA8102-6092-4993-A82E-CB8A8B8212FE}.Debug|Any CPU.ActiveCfg = Debug|Any CPU
		{0BDA8102-6092-4993-A82E-CB8A8B8212FE}.Debug|Any CPU.Build.0 = Debug|Any CPU
		{0BDA8102-6092-4993-A82E-CB8A8B8212FE}.Release|Any CPU.ActiveCfg = Release|Any CPU
		{0BDA8102-6092-4993-A82E-CB8A8B8212FE}.Release|Any CPU.Build.0 = Release|Any CPU
	EndGlobalSection
	GlobalSection(SolutionProperties) = preSolution
		HideSolutionNode = FALSE
	EndGlobalSection
	GlobalSection(ExtensibilityGlobals) = postSolution
		SolutionGuid = {172ECDEE-3EE0-47CF-B307-D35A952567C2}
	EndGlobalSection
EndGlobal
